{
  "object": {
    "pins": [
      {
        "package": "JavaScriptKit",
        "repositoryURL": "https://github.com/kateinoigakukun/JavaScriptKit",
        "state": {
          "branch": "master",
          "revision": "e68d137498feb4e76c0431ce083511e469feb4ba",
          "version": null
        }
      }
    ]
  },
  "version": 1
}
